
Microsoft Visual Studio Solution File, Format Version 12.00
# Visual Studio Version 16
VisualStudioVersion = 16.0.30104.148
MinimumVisualStudioVersion = 10.0.40219.1
Project("{8BC9CEB8-8B4A-11D0-8D11-00A0C91BC942}") = "dwmhook", "dwmhook\dwmhook.vcxproj", "{BF574599-3CE2-4360-B229-D747272D45CF}"
EndProject
Global
	GlobalSection(SolutionConfigurationPlatforms) = preSolution
		Debug|x64 = Debug|x64
		Release|x64 = Release|x64
	EndGlobalSection
	GlobalSection(ProjectConfigurationPlatforms) = postSolution
		{BF574599-3CE2-4360-B229-D747272D45CF}.Debug|x64.ActiveCfg = Debug|x64
		{BF574599-3CE2-4360-B229-D747272D45CF}.Debug|x64.Build.0 = Debug|x64
		{BF574599-3CE2-4360-B229-D747272D45CF}.Release|x64.ActiveCfg = Release|x64
		{BF574599-3CE2-4360-B229-D747272D45CF}.Release|x64.Build.0 = Release|x64
	EndGlobalSection
	GlobalSection(SolutionProperties) = preSolution
		HideSolutionNode = FALSE
	EndGlobalSection
	GlobalSection(ExtensibilityGlobals) = postSolution
		SolutionGuid = {51E0A73F-C664-4A65-85CA-663F187C0F94}
	EndGlobalSection
EndGlobal
